
Microsoft Visual Studio Solution File, Format Version 12.00
# Visual Studio Version 17
VisualStudioVersion = 17.14.36414.22 d17.14
MinimumVisualStudioVersion = 10.0.40219.1
Project("{FAE04EC0-301F-11D3-BF4B-00C04F79EFBC}") = "Aufgabe 1", "Aufgabe 1\Aufgabe 1.csproj", "{601039E6-169A-49BF-A2D7-FEE025174656}"
EndProject
Global
	GlobalSection(SolutionConfigurationPlatforms) = preSolution
		Debug|Any CPU = Debug|Any CPU
		Release|Any CPU = Release|Any CPU
	EndGlobalSection
	GlobalSection(ProjectConfigurationPlatforms) = postSolution
		{601039E6-169A-49BF-A2D7-FEE025174656}.Debug|Any CPU.ActiveCfg = Debug|Any CPU
		{601039E6-169A-49BF-A2D7-FEE025174656}.Debug|Any CPU.Build.0 = Debug|Any CPU
		{601039E6-169A-49BF-A2D7-FEE025174656}.Release|Any CPU.ActiveCfg = Release|Any CPU
		{601039E6-169A-49BF-A2D7-FEE025174656}.Release|Any CPU.Build.0 = Release|Any CPU
	EndGlobalSection
	GlobalSection(SolutionProperties) = preSolution
		HideSolutionNode = FALSE
	EndGlobalSection
	GlobalSection(ExtensibilityGlobals) = postSolution
		SolutionGuid = {2518E598-2BF7-43C2-B7CF-0F5C56F9B80C}
	EndGlobalSection
EndGlobal
